
Microsoft Visual Studio Solution File, Format Version 12.00
# Visual Studio Version 17
VisualStudioVersion = 17.1.32328.378
MinimumVisualStudioVersion = 10.0.40219.1
Project("{FAE04EC0-301F-11D3-BF4B-00C04F79EFBC}") = "WorkScheduleSolution", "WorkScheduleSolution.csproj", "{09582E1C-FADD-4F73-982A-55492B536600}"
EndProject
Global
	GlobalSection(SolutionConfigurationPlatforms) = preSolution
		Debug|Any CPU = Debug|Any CPU
		Release|Any CPU = Release|Any CPU
	EndGlobalSection
	GlobalSection(ProjectConfigurationPlatforms) = postSolution
		{09582E1C-FADD-4F73-982A-55492B536600}.Debug|Any CPU.ActiveCfg = Debug|Any CPU
		{09582E1C-FADD-4F73-982A-55492B536600}.Debug|Any CPU.Build.0 = Debug|Any CPU
		{09582E1C-FADD-4F73-982A-55492B536600}.Release|Any CPU.ActiveCfg = Release|Any CPU
		{09582E1C-FADD-4F73-982A-55492B536600}.Release|Any CPU.Build.0 = Release|Any CPU
	EndGlobalSection
	GlobalSection(SolutionProperties) = preSolution
		HideSolutionNode = FALSE
	EndGlobalSection
	GlobalSection(ExtensibilityGlobals) = postSolution
		SolutionGuid = {3BCB3434-6A9F-4268-BDD2-E11384E194A3}
	EndGlobalSection
EndGlobal
